packages:
  axi:
    revision: 56533cbbdf9ea41ab1daaa164595faae3d7ace5a
    version: 0.39.0-beta.8
    source:
      Git: https://github.com/pulp-platform/axi.git
    dependencies:
    - common_cells
    - common_verification
    - tech_cells_generic
  common_cells:
    revision: 4ac82b420e46fd0005513ca2283cb3c905e7599a
    version: 1.29.0
    source:
      Git: https://github.com/pulp-platform/common_cells
    dependencies:
    - common_verification
    - tech_cells_generic
  common_verification:
    revision: 9c07fa860593b2caabd9b5681740c25fac04b878
    version: 0.2.3
    source:
      Git: https://github.com/pulp-platform/common_verification.git
    dependencies: []
  fpnew:
    revision: f231041c610f270ffc03cbdac38739ddb6426572
    version: null
    source:
      Git: https://github.com/pulp-platform/cvfpu.git
    dependencies:
    - common_cells
    - fpu_div_sqrt_mvp
  fpu_div_sqrt_mvp:
    revision: 86e1f558b3c95e91577c41b2fc452c86b04e85ac
    version: 1.0.4
    source:
      Git: https://github.com/pulp-platform/fpu_div_sqrt_mvp.git
    dependencies:
    - common_cells
  redundancy_cells:
    revision: 651441e4a6459f84f3dde4242cf34961925a2142
    version: null
    source:
      Git: https://github.com/pulp-platform/redundancy_cells.git
    dependencies:
    - common_cells
    - common_verification
    - register_interface
    - tech_cells_generic
  register_interface:
    revision: 146501d80052b61475cdc333d3aab4cd769fd5dc
    version: 0.3.9
    source:
      Git: https://github.com/pulp-platform/register_interface.git
    dependencies:
    - apb
    - axi
    - common_cells
  tech_cells_generic:
    revision: 298b7297d220ba2601d0f24f684f97ff32f61123
    version: 0.2.12
    source:
      Git: https://github.com/pulp-platform/tech_cells_generic.git
    dependencies:
    - common_verification
