packages:
  ace:
    revision: eeeb4febe72a99921ad385e8cd7469aa81424ad3
    version: 0.0.1
    source:
      Git: https://github.com/planvtech/ace.git
    dependencies:
    - axi
  axi:
    revision: f24b1faf7bcf651f1aabdef5e8f99ce2fd817c2e
    version: 0.39.0-beta.9
    source:
      Git: https://github.com/pulp-platform/axi.git
    dependencies:
    - common_cells
    - common_verification
    - tech_cells_generic
  common_cells:
    revision: 0989ff73d0315922791bf42137c0ce0cbb4a76ca
    version: 1.30.0
    source:
      Git: https://github.com/pulp-platform/common_cells
    dependencies:
    - common_verification
    - tech_cells_generic
  common_verification:
    revision: 9c07fa860593b2caabd9b5681740c25fac04b878
    version: 0.2.3
    source:
      Git: https://github.com/pulp-platform/common_verification.git
    dependencies: []
  fpnew:
    revision: f231041c610f270ffc03cbdac38739ddb6426572
    version: null
    source:
      Git: https://github.com/pulp-platform/cvfpu.git
    dependencies:
    - common_cells
    - fpu_div_sqrt_mvp
  fpu_div_sqrt_mvp:
    revision: 86e1f558b3c95e91577c41b2fc452c86b04e85ac
    version: 1.0.4
    source:
      Git: https://github.com/pulp-platform/fpu_div_sqrt_mvp.git
    dependencies:
    - common_cells
  tech_cells_generic:
    revision: 298b7297d220ba2601d0f24f684f97ff32f61123
    version: 0.2.12
    source:
      Git: https://github.com/pulp-platform/tech_cells_generic.git
    dependencies:
    - common_verification
